
Microsoft Visual Studio Solution File, Format Version 12.00
# Visual Studio Version 16
VisualStudioVersion = 16.0.31515.178
MinimumVisualStudioVersion = 10.0.40219.1
Project("{9A19103F-16F7-4668-BE54-9A1E7A4F7556}") = "BlogProject", "BlogProject.csproj", "{FEFDE6E3-3049-43FC-B9AC-E33DEA54BA60}"
EndProject
Global
	GlobalSection(SolutionConfigurationPlatforms) = preSolution
		Debug|Any CPU = Debug|Any CPU
		Release|Any CPU = Release|Any CPU
	EndGlobalSection
	GlobalSection(ProjectConfigurationPlatforms) = postSolution
		{FEFDE6E3-3049-43FC-B9AC-E33DEA54BA60}.Debug|Any CPU.ActiveCfg = Debug|Any CPU
		{FEFDE6E3-3049-43FC-B9AC-E33DEA54BA60}.Debug|Any CPU.Build.0 = Debug|Any CPU
		{FEFDE6E3-3049-43FC-B9AC-E33DEA54BA60}.Release|Any CPU.ActiveCfg = Release|Any CPU
		{FEFDE6E3-3049-43FC-B9AC-E33DEA54BA60}.Release|Any CPU.Build.0 = Release|Any CPU
	EndGlobalSection
	GlobalSection(SolutionProperties) = preSolution
		HideSolutionNode = FALSE
	EndGlobalSection
	GlobalSection(ExtensibilityGlobals) = postSolution
		SolutionGuid = {0D480CD5-271A-47FD-96D9-5E06D3597AC0}
	EndGlobalSection
EndGlobal
